
Microsoft Visual Studio Solution File, Format Version 12.00
# Visual Studio Version 17
VisualStudioVersion = 17.0.31903.59
MinimumVisualStudioVersion = 10.0.40219.1
Project("{FAE04EC0-301F-11D3-BF4B-00C04F79EFBC}") = "BuberDinner.Api", "BuberDinner.Api\BuberDinner.Api.csproj", "{0D003B3E-DF35-49C0-9CB5-39AAB36025C6}"
EndProject
Project("{FAE04EC0-301F-11D3-BF4B-00C04F79EFBC}") = "BuberDinner.Application", "BuberDinner.Application\BuberDinner.Application.csproj", "{9F72D952-92C4-4AF5-8051-515D3B7A1A8F}"
EndProject
Project("{FAE04EC0-301F-11D3-BF4B-00C04F79EFBC}") = "BuberDinner.Contracts", "BuberDinner.Contracts\BuberDinner.Contracts.csproj", "{57F869B3-9F85-48EB-87EF-EEC2430233C6}"
EndProject
Project("{FAE04EC0-301F-11D3-BF4B-00C04F79EFBC}") = "BuberDinner.Domain", "BuberDinner.Domain\BuberDinner.Domain.csproj", "{316BFCE1-8B93-4D52-9ACD-F153B9D3FB5F}"
EndProject
Project("{FAE04EC0-301F-11D3-BF4B-00C04F79EFBC}") = "BuberDinner.Infra", "BuberDinner.Infra\BuberDinner.Infra.csproj", "{60624BBD-FDB4-493C-AA07-31E48FE077D0}"
EndProject
Global
	GlobalSection(SolutionConfigurationPlatforms) = preSolution
		Debug|Any CPU = Debug|Any CPU
		Release|Any CPU = Release|Any CPU
	EndGlobalSection
	GlobalSection(SolutionProperties) = preSolution
		HideSolutionNode = FALSE
	EndGlobalSection
	GlobalSection(ProjectConfigurationPlatforms) = postSolution
		{0D003B3E-DF35-49C0-9CB5-39AAB36025C6}.Debug|Any CPU.ActiveCfg = Debug|Any CPU
		{0D003B3E-DF35-49C0-9CB5-39AAB36025C6}.Debug|Any CPU.Build.0 = Debug|Any CPU
		{0D003B3E-DF35-49C0-9CB5-39AAB36025C6}.Release|Any CPU.ActiveCfg = Release|Any CPU
		{0D003B3E-DF35-49C0-9CB5-39AAB36025C6}.Release|Any CPU.Build.0 = Release|Any CPU
		{9F72D952-92C4-4AF5-8051-515D3B7A1A8F}.Debug|Any CPU.ActiveCfg = Debug|Any CPU
		{9F72D952-92C4-4AF5-8051-515D3B7A1A8F}.Debug|Any CPU.Build.0 = Debug|Any CPU
		{9F72D952-92C4-4AF5-8051-515D3B7A1A8F}.Release|Any CPU.ActiveCfg = Release|Any CPU
		{9F72D952-92C4-4AF5-8051-515D3B7A1A8F}.Release|Any CPU.Build.0 = Release|Any CPU
		{57F869B3-9F85-48EB-87EF-EEC2430233C6}.Debug|Any CPU.ActiveCfg = Debug|Any CPU
		{57F869B3-9F85-48EB-87EF-EEC2430233C6}.Debug|Any CPU.Build.0 = Debug|Any CPU
		{57F869B3-9F85-48EB-87EF-EEC2430233C6}.Release|Any CPU.ActiveCfg = Release|Any CPU
		{57F869B3-9F85-48EB-87EF-EEC2430233C6}.Release|Any CPU.Build.0 = Release|Any CPU
		{316BFCE1-8B93-4D52-9ACD-F153B9D3FB5F}.Debug|Any CPU.ActiveCfg = Debug|Any CPU
		{316BFCE1-8B93-4D52-9ACD-F153B9D3FB5F}.Debug|Any CPU.Build.0 = Debug|Any CPU
		{316BFCE1-8B93-4D52-9ACD-F153B9D3FB5F}.Release|Any CPU.ActiveCfg = Release|Any CPU
		{316BFCE1-8B93-4D52-9ACD-F153B9D3FB5F}.Release|Any CPU.Build.0 = Release|Any CPU
		{60624BBD-FDB4-493C-AA07-31E48FE077D0}.Debug|Any CPU.ActiveCfg = Debug|Any CPU
		{60624BBD-FDB4-493C-AA07-31E48FE077D0}.Debug|Any CPU.Build.0 = Debug|Any CPU
		{60624BBD-FDB4-493C-AA07-31E48FE077D0}.Release|Any CPU.ActiveCfg = Release|Any CPU
		{60624BBD-FDB4-493C-AA07-31E48FE077D0}.Release|Any CPU.Build.0 = Release|Any CPU
	EndGlobalSection
EndGlobal
